
Microsoft Visual Studio Solution File, Format Version 12.00
# Visual Studio Version 16
VisualStudioVersion = 16.0.30907.101
MinimumVisualStudioVersion = 10.0.40219.1
Project("{9A19103F-16F7-4668-BE54-9A1E7A4F7556}") = "KampIntro", "KampIntro\KampIntro.csproj", "{C41E1379-06AA-49FF-919A-FFC0350D908C}"
EndProject
Project("{9A19103F-16F7-4668-BE54-9A1E7A4F7556}") = "Donguler", "Donguler\Donguler.csproj", "{2165F1A3-B8DB-4ED7-A7FB-7FD956C7C43A}"
EndProject
Project("{9A19103F-16F7-4668-BE54-9A1E7A4F7556}") = "ClassIntro", "ClassIntro\ClassIntro.csproj", "{ADE7DCDB-0FB5-4E47-B405-C4943FF198CA}"
EndProject
Project("{9A19103F-16F7-4668-BE54-9A1E7A4F7556}") = "Metotlar", "Metotlar\Metotlar.csproj", "{65BED8C3-245F-4828-A593-828F4AEC7CC4}"
EndProject
Project("{9A19103F-16F7-4668-BE54-9A1E7A4F7556}") = "Matematik", "Matematik\Matematik.csproj", "{05FA96F6-5460-4C9D-BBC2-A9A6ED9413D7}"
EndProject
Project("{9A19103F-16F7-4668-BE54-9A1E7A4F7556}") = "DegerVeReferansTipler", "DegerVeReferansTipler\DegerVeReferansTipler.csproj", "{574CBC40-A6CB-4A48-BFE6-D9CAB51EC0FA}"
EndProject
Project("{9A19103F-16F7-4668-BE54-9A1E7A4F7556}") = "ClassMetotDemo", "ClassMetotDemo\ClassMetotDemo.csproj", "{09F275EA-2B58-4D4C-B997-A706413AB1C9}"
EndProject
Project("{9A19103F-16F7-4668-BE54-9A1E7A4F7556}") = "OOP1", "OOP1\OOP1.csproj", "{4A3AA9BC-89E8-4B43-A63C-6C7B7E82CAE5}"
EndProject
Project("{9A19103F-16F7-4668-BE54-9A1E7A4F7556}") = "Koleksiyonlar", "Koleksiyonlar\Koleksiyonlar.csproj", "{6EC9DA66-4CC2-4028-BC2B-8AF13E6678B0}"
EndProject
Project("{9A19103F-16F7-4668-BE54-9A1E7A4F7556}") = "GenericsIntro", "GenericsIntro\GenericsIntro.csproj", "{643377FC-F7A3-4444-9759-7633E2AD52EA}"
EndProject
Project("{FAE04EC0-301F-11D3-BF4B-00C04F79EFBC}") = "OOP2", "OOP2\OOP2.csproj", "{72B95D04-C083-4482-B557-F2645C45CAC8}"
EndProject
Project("{FAE04EC0-301F-11D3-BF4B-00C04F79EFBC}") = "OOP3", "OOP3\OOP3.csproj", "{B743080C-19EF-44C7-8DF0-825268243F08}"
EndProject
Global
	GlobalSection(SolutionConfigurationPlatforms) = preSolution
		Debug|Any CPU = Debug|Any CPU
		Release|Any CPU = Release|Any CPU
	EndGlobalSection
	GlobalSection(ProjectConfigurationPlatforms) = postSolution
		{C41E1379-06AA-49FF-919A-FFC0350D908C}.Debug|Any CPU.ActiveCfg = Debug|Any CPU
		{C41E1379-06AA-49FF-919A-FFC0350D908C}.Debug|Any CPU.Build.0 = Debug|Any CPU
		{C41E1379-06AA-49FF-919A-FFC0350D908C}.Release|Any CPU.ActiveCfg = Release|Any CPU
		{C41E1379-06AA-49FF-919A-FFC0350D908C}.Release|Any CPU.Build.0 = Release|Any CPU
		{2165F1A3-B8DB-4ED7-A7FB-7FD956C7C43A}.Debug|Any CPU.ActiveCfg = Debug|Any CPU
		{2165F1A3-B8DB-4ED7-A7FB-7FD956C7C43A}.Debug|Any CPU.Build.0 = Debug|Any CPU
		{2165F1A3-B8DB-4ED7-A7FB-7FD956C7C43A}.Release|Any CPU.ActiveCfg = Release|Any CPU
		{2165F1A3-B8DB-4ED7-A7FB-7FD956C7C43A}.Release|Any CPU.Build.0 = Release|Any CPU
		{ADE7DCDB-0FB5-4E47-B405-C4943FF198CA}.Debug|Any CPU.ActiveCfg = Debug|Any CPU
		{ADE7DCDB-0FB5-4E47-B405-C4943FF198CA}.Debug|Any CPU.Build.0 = Debug|Any CPU
		{ADE7DCDB-0FB5-4E47-B405-C4943FF198CA}.Release|Any CPU.ActiveCfg = Release|Any CPU
		{ADE7DCDB-0FB5-4E47-B405-C4943FF198CA}.Release|Any CPU.Build.0 = Release|Any CPU
		{65BED8C3-245F-4828-A593-828F4AEC7CC4}.Debug|Any CPU.ActiveCfg = Debug|Any CPU
		{65BED8C3-245F-4828-A593-828F4AEC7CC4}.Debug|Any CPU.Build.0 = Debug|Any CPU
		{65BED8C3-245F-4828-A593-828F4AEC7CC4}.Release|Any CPU.ActiveCfg = Release|Any CPU
		{65BED8C3-245F-4828-A593-828F4AEC7CC4}.Release|Any CPU.Build.0 = Release|Any CPU
		{05FA96F6-5460-4C9D-BBC2-A9A6ED9413D7}.Debug|Any CPU.ActiveCfg = Debug|Any CPU
		{05FA96F6-5460-4C9D-BBC2-A9A6ED9413D7}.Debug|Any CPU.Build.0 = Debug|Any CPU
		{05FA96F6-5460-4C9D-BBC2-A9A6ED9413D7}.Release|Any CPU.ActiveCfg = Release|Any CPU
		{05FA96F6-5460-4C9D-BBC2-A9A6ED9413D7}.Release|Any CPU.Build.0 = Release|Any CPU
		{574CBC40-A6CB-4A48-BFE6-D9CAB51EC0FA}.Debug|Any CPU.ActiveCfg = Debug|Any CPU
		{574CBC40-A6CB-4A48-BFE6-D9CAB51EC0FA}.Debug|Any CPU.Build.0 = Debug|Any CPU
		{574CBC40-A6CB-4A48-BFE6-D9CAB51EC0FA}.Release|Any CPU.ActiveCfg = Release|Any CPU
		{574CBC40-A6CB-4A48-BFE6-D9CAB51EC0FA}.Release|Any CPU.Build.0 = Release|Any CPU
		{09F275EA-2B58-4D4C-B997-A706413AB1C9}.Debug|Any CPU.ActiveCfg = Debug|Any CPU
		{09F275EA-2B58-4D4C-B997-A706413AB1C9}.Debug|Any CPU.Build.0 = Debug|Any CPU
		{09F275EA-2B58-4D4C-B997-A706413AB1C9}.Release|Any CPU.ActiveCfg = Release|Any CPU
		{09F275EA-2B58-4D4C-B997-A706413AB1C9}.Release|Any CPU.Build.0 = Release|Any CPU
		{4A3AA9BC-89E8-4B43-A63C-6C7B7E82CAE5}.Debug|Any CPU.ActiveCfg = Debug|Any CPU
		{4A3AA9BC-89E8-4B43-A63C-6C7B7E82CAE5}.Debug|Any CPU.Build.0 = Debug|Any CPU
		{4A3AA9BC-89E8-4B43-A63C-6C7B7E82CAE5}.Release|Any CPU.ActiveCfg = Release|Any CPU
		{4A3AA9BC-89E8-4B43-A63C-6C7B7E82CAE5}.Release|Any CPU.Build.0 = Release|Any CPU
		{6EC9DA66-4CC2-4028-BC2B-8AF13E6678B0}.Debug|Any CPU.ActiveCfg = Debug|Any CPU
		{6EC9DA66-4CC2-4028-BC2B-8AF13E6678B0}.Debug|Any CPU.Build.0 = Debug|Any CPU
		{6EC9DA66-4CC2-4028-BC2B-8AF13E6678B0}.Release|Any CPU.ActiveCfg = Release|Any CPU
		{6EC9DA66-4CC2-4028-BC2B-8AF13E6678B0}.Release|Any CPU.Build.0 = Release|Any CPU
		{643377FC-F7A3-4444-9759-7633E2AD52EA}.Debug|Any CPU.ActiveCfg = Debug|Any CPU
		{643377FC-F7A3-4444-9759-7633E2AD52EA}.Debug|Any CPU.Build.0 = Debug|Any CPU
		{643377FC-F7A3-4444-9759-7633E2AD52EA}.Release|Any CPU.ActiveCfg = Release|Any CPU
		{643377FC-F7A3-4444-9759-7633E2AD52EA}.Release|Any CPU.Build.0 = Release|Any CPU
		{72B95D04-C083-4482-B557-F2645C45CAC8}.Debug|Any CPU.ActiveCfg = Debug|Any CPU
		{72B95D04-C083-4482-B557-F2645C45CAC8}.Debug|Any CPU.Build.0 = Debug|Any CPU
		{72B95D04-C083-4482-B557-F2645C45CAC8}.Release|Any CPU.ActiveCfg = Release|Any CPU
		{72B95D04-C083-4482-B557-F2645C45CAC8}.Release|Any CPU.Build.0 = Release|Any CPU
		{B743080C-19EF-44C7-8DF0-825268243F08}.Debug|Any CPU.ActiveCfg = Debug|Any CPU
		{B743080C-19EF-44C7-8DF0-825268243F08}.Debug|Any CPU.Build.0 = Debug|Any CPU
		{B743080C-19EF-44C7-8DF0-825268243F08}.Release|Any CPU.ActiveCfg = Release|Any CPU
		{B743080C-19EF-44C7-8DF0-825268243F08}.Release|Any CPU.Build.0 = Release|Any CPU
	EndGlobalSection
	GlobalSection(SolutionProperties) = preSolution
		HideSolutionNode = FALSE
	EndGlobalSection
	GlobalSection(ExtensibilityGlobals) = postSolution
		SolutionGuid = {26B7F14C-0855-475D-BD9A-86E500613BCB}
	EndGlobalSection
EndGlobal
